// !$*UTF8*$!
{
	archiveVersion = 1;
	classes = {
	};
	objectVersion = 46;
	objects = {

/* Begin PBXBuildFile section */
		878421DC1CF6911C005AEE92 /* AppDelegate.m in Sources */ = {isa = PBXBuildFile; fileRef = 878421D71CF6911C005AEE92 /* AppDelegate.m */; };
		878421DF1CF6916C005AEE92 /* MainTabBarController.m in Sources */ = {isa = PBXBuildFile; fileRef = 878421DE1CF6916C005AEE92 /* MainTabBarController.m */; };
		878421E21CF691EE005AEE92 /* BaseViewController.m in Sources */ = {isa = PBXBuildFile; fileRef = 878421E11CF691EE005AEE92 /* BaseViewController.m */; };
		878421E51CF6920B005AEE92 /* BaseNavigationController.m in Sources */ = {isa = PBXBuildFile; fileRef = 878421E41CF6920B005AEE92 /* BaseNavigationController.m */; };
		878421E81CF69229005AEE92 /* HomeViewController.m in Sources */ = {isa = PBXBuildFile; fileRef = 878421E71CF69229005AEE92 /* HomeViewController.m */; };
		878421EF1CF69423005AEE92 /* MaidanViewController.m in Sources */ = {isa = PBXBuildFile; fileRef = 878421EE1CF69423005AEE92 /* MaidanViewController.m */; };
		878421F21CF6944E005AEE92 /* MessageViewController.m in Sources */ = {isa = PBXBuildFile; fileRef = 878421F11CF6944E005AEE92 /* MessageViewController.m */; };
		878421F51CF6946E005AEE92 /* PersonalViewController.m in Sources */ = {isa = PBXBuildFile; fileRef = 878421F41CF6946E005AEE92 /* PersonalViewController.m */; };
		878421FE1CF695AF005AEE92 /* Home.storyboard in Resources */ = {isa = PBXBuildFile; fileRef = 878421FD1CF695AF005AEE92 /* Home.storyboard */; };
		878422001CF695D3005AEE92 /* Maidan.storyboard in Resources */ = {isa = PBXBuildFile; fileRef = 878421FF1CF695D3005AEE92 /* Maidan.storyboard */; };
		878422021CF69641005AEE92 /* Message.storyboard in Resources */ = {isa = PBXBuildFile; fileRef = 878422011CF69641005AEE92 /* Message.storyboard */; };
		878422041CF69655005AEE92 /* Personal.storyboard in Resources */ = {isa = PBXBuildFile; fileRef = 878422031CF69655005AEE92 /* Personal.storyboard */; };
		878422061CF6966F005AEE92 /* Create.storyboard in Resources */ = {isa = PBXBuildFile; fileRef = 878422051CF6966F005AEE92 /* Create.storyboard */; };
		878422451CF697D1005AEE92 /* app-yy-400.png in Resources */ = {isa = PBXBuildFile; fileRef = 878422081CF697D1005AEE92 /* app-yy-400.png */; };
		878422461CF697D1005AEE92 /* AppIcon29x29.png in Resources */ = {isa = PBXBuildFile; fileRef = 878422091CF697D1005AEE92 /* AppIcon29x29.png */; };
		878422471CF697D1005AEE92 /* AppIcon29x29@2x.png in Resources */ = {isa = PBXBuildFile; fileRef = 8784220A1CF697D1005AEE92 /* AppIcon29x29@2x.png */; };
		878422481CF697D1005AEE92 /* AppIcon29x29@2x~ipad.png in Resources */ = {isa = PBXBuildFile; fileRef = 8784220B1CF697D1005AEE92 /* AppIcon29x29@2x~ipad.png */; };
		878422491CF697D1005AEE92 /* AppIcon29x29@3x.png in Resources */ = {isa = PBXBuildFile; fileRef = 8784220C1CF697D1005AEE92 /* AppIcon29x29@3x.png */; };
		8784224A1CF697D1005AEE92 /* AppIcon29x29~ipad.png in Resources */ = {isa = PBXBuildFile; fileRef = 8784220D1CF697D1005AEE92 /* AppIcon29x29~ipad.png */; };
		8784224B1CF697D1005AEE92 /* AppIcon40x40@2x.png in Resources */ = {isa = PBXBuildFile; fileRef = 8784220E1CF697D1005AEE92 /* AppIcon40x40@2x.png */; };
		8784224C1CF697D1005AEE92 /* AppIcon40x40@2x~ipad.png in Resources */ = {isa = PBXBuildFile; fileRef = 8784220F1CF697D1005AEE92 /* AppIcon40x40@2x~ipad.png */; };
		8784224D1CF697D1005AEE92 /* AppIcon40x40@3x.png in Resources */ = {isa = PBXBuildFile; fileRef = 878422101CF697D1005AEE92 /* AppIcon40x40@3x.png */; };
		8784224E1CF697D1005AEE92 /* AppIcon40x40~ipad.png in Resources */ = {isa = PBXBuildFile; fileRef = 878422111CF697D1005AEE92 /* AppIcon40x40~ipad.png */; };
		8784224F1CF697D1005AEE92 /* AppIcon50x50@2x~ipad.png in Resources */ = {isa = PBXBuildFile; fileRef = 878422121CF697D1005AEE92 /* AppIcon50x50@2x~ipad.png */; };
		878422501CF697D1005AEE92 /* AppIcon50x50~ipad.png in Resources */ = {isa = PBXBuildFile; fileRef = 878422131CF697D1005AEE92 /* AppIcon50x50~ipad.png */; };
		878422511CF697D1005AEE92 /* AppIcon57x57.png in Resources */ = {isa = PBXBuildFile; fileRef = 878422141CF697D1005AEE92 /* AppIcon57x57.png */; };
		878422521CF697D1005AEE92 /* AppIcon57x57@2x.png in Resources */ = {isa = PBXBuildFile; fileRef = 878422151CF697D1005AEE92 /* AppIcon57x57@2x.png */; };
		878422531CF697D1005AEE92 /* AppIcon60x60@2x.png in Resources */ = {isa = PBXBuildFile; fileRef = 878422161CF697D1005AEE92 /* AppIcon60x60@2x.png */; };
		878422541CF697D1005AEE92 /* AppIcon60x60@3x.png in Resources */ = {isa = PBXBuildFile; fileRef = 878422171CF697D1005AEE92 /* AppIcon60x60@3x.png */; };
		878422551CF697D1005AEE92 /* AppIcon72x72@2x~ipad.png in Resources */ = {isa = PBXBuildFile; fileRef = 878422181CF697D1005AEE92 /* AppIcon72x72@2x~ipad.png */; };
		878422561CF697D1005AEE92 /* AppIcon72x72~ipad.png in Resources */ = {isa = PBXBuildFile; fileRef = 878422191CF697D1005AEE92 /* AppIcon72x72~ipad.png */; };
		878422571CF697D1005AEE92 /* AppIcon76x76@2x~ipad.png in Resources */ = {isa = PBXBuildFile; fileRef = 8784221A1CF697D1005AEE92 /* AppIcon76x76@2x~ipad.png */; };
		878422581CF697D1005AEE92 /* AppIcon76x76~ipad.png in Resources */ = {isa = PBXBuildFile; fileRef = 8784221B1CF697D1005AEE92 /* AppIcon76x76~ipad.png */; };
		878422591CF697D1005AEE92 /* Home-50-littlegray.png in Resources */ = {isa = PBXBuildFile; fileRef = 8784221C1CF697D1005AEE92 /* Home-50-littlegray.png */; };
		8784225A1CF697D1005AEE92 /* Home-50-white.png in Resources */ = {isa = PBXBuildFile; fileRef = 8784221D1CF697D1005AEE92 /* Home-50-white.png */; };
		8784225B1CF697D1005AEE92 /* Home-64-littlegray.png in Resources */ = {isa = PBXBuildFile; fileRef = 8784221E1CF697D1005AEE92 /* Home-64-littlegray.png */; };
		8784225C1CF697D1005AEE92 /* Home-64-white.png in Resources */ = {isa = PBXBuildFile; fileRef = 8784221F1CF697D1005AEE92 /* Home-64-white.png */; };
		8784225D1CF697D1005AEE92 /* Home1-64-littlegray.png in Resources */ = {isa = PBXBuildFile; fileRef = 878422201CF697D1005AEE92 /* Home1-64-littlegray.png */; };
		8784225E1CF697D1005AEE92 /* Home2-64-gray.png in Resources */ = {isa = PBXBuildFile; fileRef = 878422211CF697D1005AEE92 /* Home2-64-gray.png */; };
		8784225F1CF697D1005AEE92 /* Home2-64-littlegray.png in Resources */ = {isa = PBXBuildFile; fileRef = 878422221CF697D1005AEE92 /* Home2-64-littlegray.png */; };
		878422601CF697D1005AEE92 /* LaunchImage-2-700-568h@2x.png in Resources */ = {isa = PBXBuildFile; fileRef = 878422231CF697D1005AEE92 /* LaunchImage-2-700-568h@2x.png */; };
		878422611CF697D1005AEE92 /* LaunchImage-2-700@2x.png in Resources */ = {isa = PBXBuildFile; fileRef = 878422241CF697D1005AEE92 /* LaunchImage-2-700@2x.png */; };
		878422621CF697D1005AEE92 /* Plus Math-64-gray.png in Resources */ = {isa = PBXBuildFile; fileRef = 878422251CF697D1005AEE92 /* Plus Math-64-gray.png */; };
		878422631CF697D1005AEE92 /* Plus Math-64-littlegray.png in Resources */ = {isa = PBXBuildFile; fileRef = 878422261CF697D1005AEE92 /* Plus Math-64-littlegray.png */; };
		878422641CF697D1005AEE92 /* Plus Math-64-white.png in Resources */ = {isa = PBXBuildFile; fileRef = 878422271CF697D1005AEE92 /* Plus Math-64-white.png */; };
		878422651CF697D1005AEE92 /* Price Tag Filled-64-gray.png in Resources */ = {isa = PBXBuildFile; fileRef = 878422281CF697D1005AEE92 /* Price Tag Filled-64-gray.png */; };
		878422661CF697D1005AEE92 /* Price Tag Filled-64-littlegray.png in Resources */ = {isa = PBXBuildFile; fileRef = 878422291CF697D1005AEE92 /* Price Tag Filled-64-littlegray.png */; };
		878422671CF697D1005AEE92 /* Price Tag Filled-64-white.png in Resources */ = {isa = PBXBuildFile; fileRef = 8784222A1CF697D1005AEE92 /* Price Tag Filled-64-white.png */; };
		878422681CF697D1005AEE92 /* qq_c@1x.png in Resources */ = {isa = PBXBuildFile; fileRef = 8784222B1CF697D1005AEE92 /* qq_c@1x.png */; };
		878422691CF697D1005AEE92 /* qq_c@2x.png in Resources */ = {isa = PBXBuildFile; fileRef = 8784222C1CF697D1005AEE92 /* qq_c@2x.png */; };
		8784226A1CF697D1005AEE92 /* Search Filled-64-gray.png in Resources */ = {isa = PBXBuildFile; fileRef = 8784222D1CF697D1005AEE92 /* Search Filled-64-gray.png */; };
		8784226B1CF697D1005AEE92 /* Search Filled-64-littlegray.png in Resources */ = {isa = PBXBuildFile; fileRef = 8784222E1CF697D1005AEE92 /* Search Filled-64-littlegray.png */; };
		8784226C1CF697D1005AEE92 /* Search Filled-64-white.png in Resources */ = {isa = PBXBuildFile; fileRef = 8784222F1CF697D1005AEE92 /* Search Filled-64-white.png */; };
		8784226D1CF697D1005AEE92 /* sina_weibo_c@1x.png in Resources */ = {isa = PBXBuildFile; fileRef = 878422301CF697D1005AEE92 /* sina_weibo_c@1x.png */; };
		8784226E1CF697D1005AEE92 /* sina_weibo_c@2x.png in Resources */ = {isa = PBXBuildFile; fileRef = 878422311CF697D1005AEE92 /* sina_weibo_c@2x.png */; };
		8784226F1CF697D1005AEE92 /* ToolViewInputText@2x.png in Resources */ = {isa = PBXBuildFile; fileRef = 878422321CF697D1005AEE92 /* ToolViewInputText@2x.png */; };
		878422701CF697D1005AEE92 /* ToolViewInputTextHL@2x.png in Resources */ = {isa = PBXBuildFile; fileRef = 878422331CF697D1005AEE92 /* ToolViewInputTextHL@2x.png */; };
		878422711CF697D1005AEE92 /* ToolViewInputVoice@2x.png in Resources */ = {isa = PBXBuildFile; fileRef = 878422341CF697D1005AEE92 /* ToolViewInputVoice@2x.png */; };
		878422721CF697D1005AEE92 /* ToolViewInputVoiceHL@2x.png in Resources */ = {isa = PBXBuildFile; fileRef = 878422351CF697D1005AEE92 /* ToolViewInputVoiceHL@2x.png */; };
		878422731CF697D1005AEE92 /* umeng_add_photo@2x.png in Resources */ = {isa = PBXBuildFile; fileRef = 878422361CF697D1005AEE92 /* umeng_add_photo@2x.png */; };
		878422741CF697D1005AEE92 /* umeng_fb_audio_dialog_cancel@2x.png in Resources */ = {isa = PBXBuildFile; fileRef = 878422371CF697D1005AEE92 /* umeng_fb_audio_dialog_cancel@2x.png */; };
		878422751CF697D1005AEE92 /* umeng_fb_audio_dialog_content@2x.png in Resources */ = {isa = PBXBuildFile; fileRef = 878422381CF697D1005AEE92 /* umeng_fb_audio_dialog_content@2x.png */; };
		878422761CF697D1005AEE92 /* umeng_fb_audio_play_01@2x.png in Resources */ = {isa = PBXBuildFile; fileRef = 878422391CF697D1005AEE92 /* umeng_fb_audio_play_01@2x.png */; };
		878422771CF697D1005AEE92 /* umeng_fb_audio_play_02@2x.png in Resources */ = {isa = PBXBuildFile; fileRef = 8784223A1CF697D1005AEE92 /* umeng_fb_audio_play_02@2x.png */; };
		878422781CF697D1005AEE92 /* umeng_fb_audio_play_03@2x.png in Resources */ = {isa = PBXBuildFile; fileRef = 8784223B1CF697D1005AEE92 /* umeng_fb_audio_play_03@2x.png */; };
		878422791CF697D1005AEE92 /* umeng_fb_audio_play_default@2x.png in Resources */ = {isa = PBXBuildFile; fileRef = 8784223C1CF697D1005AEE92 /* umeng_fb_audio_play_default@2x.png */; };
		8784227A1CF697D1005AEE92 /* User-64-gray.png in Resources */ = {isa = PBXBuildFile; fileRef = 8784223D1CF697D1005AEE92 /* User-64-gray.png */; };
		8784227B1CF697D1005AEE92 /* User-64-littlegray.png in Resources */ = {isa = PBXBuildFile; fileRef = 8784223E1CF697D1005AEE92 /* User-64-littlegray.png */; };
		8784227C1CF697D1005AEE92 /* User-64-white.png in Resources */ = {isa = PBXBuildFile; fileRef = 8784223F1CF697D1005AEE92 /* User-64-white.png */; };
		8784227D1CF697D1005AEE92 /* wechat_c@1x.png in Resources */ = {isa = PBXBuildFile; fileRef = 878422401CF697D1005AEE92 /* wechat_c@1x.png */; };
		8784227E1CF697D1005AEE92 /* wechat_c@2x.png in Resources */ = {isa = PBXBuildFile; fileRef = 878422411CF697D1005AEE92 /* wechat_c@2x.png */; };
		8784227F1CF697D1005AEE92 /* WeiboSDK.bundle in Resources */ = {isa = PBXBuildFile; fileRef = 878422421CF697D1005AEE92 /* WeiboSDK.bundle */; };
		878422801CF697D1005AEE92 /* 方正宋一简体.ttf in Resources */ = {isa = PBXBuildFile; fileRef = 878422431CF697D1005AEE92 /* 方正宋一简体.ttf */; };
		878422811CF697D1005AEE92 /* 汉仪字典宋简.ttf in Resources */ = {isa = PBXBuildFile; fileRef = 878422441CF697D1005AEE92 /* 汉仪字典宋简.ttf */; };
		BD5E1C0C1CF68F09001AAF44 /* main.m in Sources */ = {isa = PBXBuildFile; fileRef = BD5E1C0B1CF68F09001AAF44 /* main.m */; };
		BD5E1C171CF68F09001AAF44 /* Assets.xcassets in Resources */ = {isa = PBXBuildFile; fileRef = BD5E1C161CF68F09001AAF44 /* Assets.xcassets */; };
		BD5E1C1A1CF68F09001AAF44 /* LaunchScreen.storyboard in Resources */ = {isa = PBXBuildFile; fileRef = BD5E1C181CF68F09001AAF44 /* LaunchScreen.storyboard */; };
/* End PBXBuildFile section */

/* Begin PBXFileReference section */
		878421D61CF6911C005AEE92 /* AppDelegate.h */ = {isa = PBXFileReference; fileEncoding = 4; lastKnownFileType = sourcecode.c.h; path = AppDelegate.h; sourceTree = "<group>"; };
		878421D71CF6911C005AEE92 /* AppDelegate.m */ = {isa = PBXFileReference; fileEncoding = 4; lastKnownFileType = sourcecode.c.objc; path = AppDelegate.m; sourceTree = "<group>"; };
		878421DD1CF6916C005AEE92 /* MainTabBarController.h */ = {isa = PBXFileReference; fileEncoding = 4; lastKnownFileType = sourcecode.c.h; path = MainTabBarController.h; sourceTree = "<group>"; };
		878421DE1CF6916C005AEE92 /* MainTabBarController.m */ = {isa = PBXFileReference; fileEncoding = 4; lastKnownFileType = sourcecode.c.objc; path = MainTabBarController.m; sourceTree = "<group>"; };
		878421E01CF691EE005AEE92 /* BaseViewController.h */ = {isa = PBXFileReference; fileEncoding = 4; lastKnownFileType = sourcecode.c.h; path = BaseViewController.h; sourceTree = "<group>"; };
		878421E11CF691EE005AEE92 /* BaseViewController.m */ = {isa = PBXFileReference; fileEncoding = 4; lastKnownFileType = sourcecode.c.objc; path = BaseViewController.m; sourceTree = "<group>"; };
		878421E31CF6920B005AEE92 /* BaseNavigationController.h */ = {isa = PBXFileReference; fileEncoding = 4; lastKnownFileType = sourcecode.c.h; path = BaseNavigationController.h; sourceTree = "<group>"; };
		878421E41CF6920B005AEE92 /* BaseNavigationController.m */ = {isa = PBXFileReference; fileEncoding = 4; lastKnownFileType = sourcecode.c.objc; path = BaseNavigationController.m; sourceTree = "<group>"; };
		878421E61CF69229005AEE92 /* HomeViewController.h */ = {isa = PBXFileReference; fileEncoding = 4; lastKnownFileType = sourcecode.c.h; path = HomeViewController.h; sourceTree = "<group>"; };
		878421E71CF69229005AEE92 /* HomeViewController.m */ = {isa = PBXFileReference; fileEncoding = 4; lastKnownFileType = sourcecode.c.objc; path = HomeViewController.m; sourceTree = "<group>"; };
		878421ED1CF69423005AEE92 /* MaidanViewController.h */ = {isa = PBXFileReference; fileEncoding = 4; lastKnownFileType = sourcecode.c.h; path = MaidanViewController.h; sourceTree = "<group>"; };
		878421EE1CF69423005AEE92 /* MaidanViewController.m */ = {isa = PBXFileReference; fileEncoding = 4; lastKnownFileType = sourcecode.c.objc; path = MaidanViewController.m; sourceTree = "<group>"; };
		878421F01CF6944E005AEE92 /* MessageViewController.h */ = {isa = PBXFileReference; fileEncoding = 4; lastKnownFileType = sourcecode.c.h; path = MessageViewController.h; sourceTree = "<group>"; };
		878421F11CF6944E005AEE92 /* MessageViewController.m */ = {isa = PBXFileReference; fileEncoding = 4; lastKnownFileType = sourcecode.c.objc; path = MessageViewController.m; sourceTree = "<group>"; };
		878421F31CF6946E005AEE92 /* PersonalViewController.h */ = {isa = PBXFileReference; fileEncoding = 4; lastKnownFileType = sourcecode.c.h; path = PersonalViewController.h; sourceTree = "<group>"; };
		878421F41CF6946E005AEE92 /* PersonalViewController.m */ = {isa = PBXFileReference; fileEncoding = 4; lastKnownFileType = sourcecode.c.objc; path = PersonalViewController.m; sourceTree = "<group>"; };
		878421FD1CF695AF005AEE92 /* Home.storyboard */ = {isa = PBXFileReference; fileEncoding = 4; lastKnownFileType = file.storyboard; path = Home.storyboard; sourceTree = "<group>"; };
		878421FF1CF695D3005AEE92 /* Maidan.storyboard */ = {isa = PBXFileReference; fileEncoding = 4; lastKnownFileType = file.storyboard; path = Maidan.storyboard; sourceTree = "<group>"; };
		878422011CF69641005AEE92 /* Message.storyboard */ = {isa = PBXFileReference; fileEncoding = 4; lastKnownFileType = file.storyboard; path = Message.storyboard; sourceTree = "<group>"; };
		878422031CF69655005AEE92 /* Personal.storyboard */ = {isa = PBXFileReference; fileEncoding = 4; lastKnownFileType = file.storyboard; path = Personal.storyboard; sourceTree = "<group>"; };
		878422051CF6966F005AEE92 /* Create.storyboard */ = {isa = PBXFileReference; fileEncoding = 4; lastKnownFileType = file.storyboard; path = Create.storyboard; sourceTree = "<group>"; };
		878422081CF697D1005AEE92 /* app-yy-400.png */ = {isa = PBXFileReference; lastKnownFileType = image.png; path = "app-yy-400.png"; sourceTree = "<group>"; };
		878422091CF697D1005AEE92 /* AppIcon29x29.png */ = {isa = PBXFileReference; lastKnownFileType = image.png; path = AppIcon29x29.png; sourceTree = "<group>"; };
		8784220A1CF697D1005AEE92 /* AppIcon29x29@2x.png */ = {isa = PBXFileReference; lastKnownFileType = image.png; path = "AppIcon29x29@2x.png"; sourceTree = "<group>"; };
		8784220B1CF697D1005AEE92 /* AppIcon29x29@2x~ipad.png */ = {isa = PBXFileReference; lastKnownFileType = image.png; path = "AppIcon29x29@2x~ipad.png"; sourceTree = "<group>"; };
		8784220C1CF697D1005AEE92 /* AppIcon29x29@3x.png */ = {isa = PBXFileReference; lastKnownFileType = image.png; path = "AppIcon29x29@3x.png"; sourceTree = "<group>"; };
		8784220D1CF697D1005AEE92 /* AppIcon29x29~ipad.png */ = {isa = PBXFileReference; lastKnownFileType = image.png; path = "AppIcon29x29~ipad.png"; sourceTree = "<group>"; };
		8784220E1CF697D1005AEE92 /* AppIcon40x40@2x.png */ = {isa = PBXFileReference; lastKnownFileType = image.png; path = "AppIcon40x40@2x.png"; sourceTree = "<group>"; };
		8784220F1CF697D1005AEE92 /* AppIcon40x40@2x~ipad.png */ = {isa = PBXFileReference; lastKnownFileType = image.png; path = "AppIcon40x40@2x~ipad.png"; sourceTree = "<group>"; };
		878422101CF697D1005AEE92 /* AppIcon40x40@3x.png */ = {isa = PBXFileReference; lastKnownFileType = image.png; path = "AppIcon40x40@3x.png"; sourceTree = "<group>"; };
		878422111CF697D1005AEE92 /* AppIcon40x40~ipad.png */ = {isa = PBXFileReference; lastKnownFileType = image.png; path = "AppIcon40x40~ipad.png"; sourceTree = "<group>"; };
		878422121CF697D1005AEE92 /* AppIcon50x50@2x~ipad.png */ = {isa = PBXFileReference; lastKnownFileType = image.png; path = "AppIcon50x50@2x~ipad.png"; sourceTree = "<group>"; };
		878422131CF697D1005AEE92 /* AppIcon50x50~ipad.png */ = {isa = PBXFileReference; lastKnownFileType = image.png; path = "AppIcon50x50~ipad.png"; sourceTree = "<group>"; };
		878422141CF697D1005AEE92 /* AppIcon57x57.png */ = {isa = PBXFileReference; lastKnownFileType = image.png; path = AppIcon57x57.png; sourceTree = "<group>"; };
		878422151CF697D1005AEE92 /* AppIcon57x57@2x.png */ = {isa = PBXFileReference; lastKnownFileType = image.png; path = "AppIcon57x57@2x.png"; sourceTree = "<group>"; };
		878422161CF697D1005AEE92 /* AppIcon60x60@2x.png */ = {isa = PBXFileReference; lastKnownFileType = image.png; path = "AppIcon60x60@2x.png"; sourceTree = "<group>"; };
		878422171CF697D1005AEE92 /* AppIcon60x60@3x.png */ = {isa = PBXFileReference; lastKnownFileType = image.png; path = "AppIcon60x60@3x.png"; sourceTree = "<group>"; };
		878422181CF697D1005AEE92 /* AppIcon72x72@2x~ipad.png */ = {isa = PBXFileReference; lastKnownFileType = image.png; path = "AppIcon72x72@2x~ipad.png"; sourceTree = "<group>"; };
		878422191CF697D1005AEE92 /* AppIcon72x72~ipad.png */ = {isa = PBXFileReference; lastKnownFileType = image.png; path = "AppIcon72x72~ipad.png"; sourceTree = "<group>"; };
		8784221A1CF697D1005AEE92 /* AppIcon76x76@2x~ipad.png */ = {isa = PBXFileReference; lastKnownFileType = image.png; path = "AppIcon76x76@2x~ipad.png"; sourceTree = "<group>"; };
		8784221B1CF697D1005AEE92 /* AppIcon76x76~ipad.png */ = {isa = PBXFileReference; lastKnownFileType = image.png; path = "AppIcon76x76~ipad.png"; sourceTree = "<group>"; };
		8784221C1CF697D1005AEE92 /* Home-50-littlegray.png */ = {isa = PBXFileReference; lastKnownFileType = image.png; path = "Home-50-littlegray.png"; sourceTree = "<group>"; };
		8784221D1CF697D1005AEE92 /* Home-50-white.png */ = {isa = PBXFileReference; lastKnownFileType = image.png; path = "Home-50-white.png"; sourceTree = "<group>"; };
		8784221E1CF697D1005AEE92 /* Home-64-littlegray.png */ = {isa = PBXFileReference; lastKnownFileType = image.png; path = "Home-64-littlegray.png"; sourceTree = "<group>"; };
		8784221F1CF697D1005AEE92 /* Home-64-white.png */ = {isa = PBXFileReference; lastKnownFileType = image.png; path = "Home-64-white.png"; sourceTree = "<group>"; };
		878422201CF697D1005AEE92 /* Home1-64-littlegray.png */ = {isa = PBXFileReference; lastKnownFileType = image.png; path = "Home1-64-littlegray.png"; sourceTree = "<group>"; };
		878422211CF697D1005AEE92 /* Home2-64-gray.png */ = {isa = PBXFileReference; lastKnownFileType = image.png; path = "Home2-64-gray.png"; sourceTree = "<group>"; };
		878422221CF697D1005AEE92 /* Home2-64-littlegray.png */ = {isa = PBXFileReference; lastKnownFileType = image.png; path = "Home2-64-littlegray.png"; sourceTree = "<group>"; };
		878422231CF697D1005AEE92 /* LaunchImage-2-700-568h@2x.png */ = {isa = PBXFileReference; lastKnownFileType = image.png; path = "LaunchImage-2-700-568h@2x.png"; sourceTree = "<group>"; };
		878422241CF697D1005AEE92 /* LaunchImage-2-700@2x.png */ = {isa = PBXFileReference; lastKnownFileType = image.png; path = "LaunchImage-2-700@2x.png"; sourceTree = "<group>"; };
		878422251CF697D1005AEE92 /* Plus Math-64-gray.png */ = {isa = PBXFileReference; lastKnownFileType = image.png; path = "Plus Math-64-gray.png"; sourceTree = "<group>"; };
		878422261CF697D1005AEE92 /* Plus Math-64-littlegray.png */ = {isa = PBXFileReference; lastKnownFileType = image.png; path = "Plus Math-64-littlegray.png"; sourceTree = "<group>"; };
		878422271CF697D1005AEE92 /* Plus Math-64-white.png */ = {isa = PBXFileReference; lastKnownFileType = image.png; path = "Plus Math-64-white.png"; sourceTree = "<group>"; };
		878422281CF697D1005AEE92 /* Price Tag Filled-64-gray.png */ = {isa = PBXFileReference; lastKnownFileType = image.png; path = "Price Tag Filled-64-gray.png"; sourceTree = "<group>"; };
		878422291CF697D1005AEE92 /* Price Tag Filled-64-littlegray.png */ = {isa = PBXFileReference; lastKnownFileType = image.png; path = "Price Tag Filled-64-littlegray.png"; sourceTree = "<group>"; };
		8784222A1CF697D1005AEE92 /* Price Tag Filled-64-white.png */ = {isa = PBXFileReference; lastKnownFileType = image.png; path = "Price Tag Filled-64-white.png"; sourceTree = "<group>"; };
		8784222B1CF697D1005AEE92 /* qq_c@1x.png */ = {isa = PBXFileReference; lastKnownFileType = image.png; path = "qq_c@1x.png"; sourceTree = "<group>"; };
		8784222C1CF697D1005AEE92 /* qq_c@2x.png */ = {isa = PBXFileReference; lastKnownFileType = image.png; path = "qq_c@2x.png"; sourceTree = "<group>"; };
		8784222D1CF697D1005AEE92 /* Search Filled-64-gray.png */ = {isa = PBXFileReference; lastKnownFileType = image.png; path = "Search Filled-64-gray.png"; sourceTree = "<group>"; };
		8784222E1CF697D1005AEE92 /* Search Filled-64-littlegray.png */ = {isa = PBXFileReference; lastKnownFileType = image.png; path = "Search Filled-64-littlegray.png"; sourceTree = "<group>"; };
		8784222F1CF697D1005AEE92 /* Search Filled-64-white.png */ = {isa = PBXFileReference; lastKnownFileType = image.png; path = "Search Filled-64-white.png"; sourceTree = "<group>"; };
		878422301CF697D1005AEE92 /* sina_weibo_c@1x.png */ = {isa = PBXFileReference; lastKnownFileType = image.png; path = "sina_weibo_c@1x.png"; sourceTree = "<group>"; };
		878422311CF697D1005AEE92 /* sina_weibo_c@2x.png */ = {isa = PBXFileReference; lastKnownFileType = image.png; path = "sina_weibo_c@2x.png"; sourceTree = "<group>"; };
		878422321CF697D1005AEE92 /* ToolViewInputText@2x.png */ = {isa = PBXFileReference; lastKnownFileType = image.png; path = "ToolViewInputText@2x.png"; sourceTree = "<group>"; };
		878422331CF697D1005AEE92 /* ToolViewInputTextHL@2x.png */ = {isa = PBXFileReference; lastKnownFileType = image.png; path = "ToolViewInputTextHL@2x.png"; sourceTree = "<group>"; };
		878422341CF697D1005AEE92 /* ToolViewInputVoice@2x.png */ = {isa = PBXFileReference; lastKnownFileType = image.png; path = "ToolViewInputVoice@2x.png"; sourceTree = "<group>"; };
		878422351CF697D1005AEE92 /* ToolViewInputVoiceHL@2x.png */ = {isa = PBXFileReference; lastKnownFileType = image.png; path = "ToolViewInputVoiceHL@2x.png"; sourceTree = "<group>"; };
		878422361CF697D1005AEE92 /* umeng_add_photo@2x.png */ = {isa = PBXFileReference; lastKnownFileType = image.png; path = "umeng_add_photo@2x.png"; sourceTree = "<group>"; };
		878422371CF697D1005AEE92 /* umeng_fb_audio_dialog_cancel@2x.png */ = {isa = PBXFileReference; lastKnownFileType = image.png; path = "umeng_fb_audio_dialog_cancel@2x.png"; sourceTree = "<group>"; };
		878422381CF697D1005AEE92 /* umeng_fb_audio_dialog_content@2x.png */ = {isa = PBXFileReference; lastKnownFileType = image.png; path = "umeng_fb_audio_dialog_content@2x.png"; sourceTree = "<group>"; };
		878422391CF697D1005AEE92 /* umeng_fb_audio_play_01@2x.png */ = {isa = PBXFileReference; lastKnownFileType = image.png; path = "umeng_fb_audio_play_01@2x.png"; sourceTree = "<group>"; };
		8784223A1CF697D1005AEE92 /* umeng_fb_audio_play_02@2x.png */ = {isa = PBXFileReference; lastKnownFileType = image.png; path = "umeng_fb_audio_play_02@2x.png"; sourceTree = "<group>"; };
		8784223B1CF697D1005AEE92 /* umeng_fb_audio_play_03@2x.png */ = {isa = PBXFileReference; lastKnownFileType = image.png; path = "umeng_fb_audio_play_03@2x.png"; sourceTree = "<group>"; };
		8784223C1CF697D1005AEE92 /* umeng_fb_audio_play_default@2x.png */ = {isa = PBXFileReference; lastKnownFileType = image.png; path = "umeng_fb_audio_play_default@2x.png"; sourceTree = "<group>"; };
		8784223D1CF697D1005AEE92 /* User-64-gray.png */ = {isa = PBXFileReference; lastKnownFileType = image.png; path = "User-64-gray.png"; sourceTree = "<group>"; };
		8784223E1CF697D1005AEE92 /* User-64-littlegray.png */ = {isa = PBXFileReference; lastKnownFileType = image.png; path = "User-64-littlegray.png"; sourceTree = "<group>"; };
		8784223F1CF697D1005AEE92 /* User-64-white.png */ = {isa = PBXFileReference; lastKnownFileType = image.png; path = "User-64-white.png"; sourceTree = "<group>"; };
		878422401CF697D1005AEE92 /* wechat_c@1x.png */ = {isa = PBXFileReference; lastKnownFileType = image.png; path = "wechat_c@1x.png"; sourceTree = "<group>"; };
		878422411CF697D1005AEE92 /* wechat_c@2x.png */ = {isa = PBXFileReference; lastKnownFileType = image.png; path = "wechat_c@2x.png"; sourceTree = "<group>"; };
		878422421CF697D1005AEE92 /* WeiboSDK.bundle */ = {isa = PBXFileReference; lastKnownFileType = "wrapper.plug-in"; path = WeiboSDK.bundle; sourceTree = "<group>"; };
		878422431CF697D1005AEE92 /* 方正宋一简体.ttf */ = {isa = PBXFileReference; lastKnownFileType = file; path = "方正宋一简体.ttf"; sourceTree = "<group>"; };
		878422441CF697D1005AEE92 /* 汉仪字典宋简.ttf */ = {isa = PBXFileReference; lastKnownFileType = file; path = "汉仪字典宋简.ttf"; sourceTree = "<group>"; };
		BD5E1C071CF68F09001AAF44 /* Yiyan_cjzgz.app */ = {isa = PBXFileReference; explicitFileType = wrapper.application; includeInIndex = 0; path = Yiyan_cjzgz.app; sourceTree = BUILT_PRODUCTS_DIR; };
		BD5E1C0B1CF68F09001AAF44 /* main.m */ = {isa = PBXFileReference; lastKnownFileType = sourcecode.c.objc; path = main.m; sourceTree = "<group>"; };
		BD5E1C161CF68F09001AAF44 /* Assets.xcassets */ = {isa = PBXFileReference; lastKnownFileType = folder.assetcatalog; path = Assets.xcassets; sourceTree = "<group>"; };
		BD5E1C191CF68F09001AAF44 /* Base */ = {isa = PBXFileReference; lastKnownFileType = file.storyboard; name = Base; path = Base.lproj/LaunchScreen.storyboard; sourceTree = "<group>"; };
		BD5E1C1B1CF68F09001AAF44 /* Info.plist */ = {isa = PBXFileReference; lastKnownFileType = text.plist.xml; path = Info.plist; sourceTree = "<group>"; };
/* End PBXFileReference section */

/* Begin PBXFrameworksBuildPhase section */
		BD5E1C041CF68F09001AAF44 /* Frameworks */ = {
			isa = PBXFrameworksBuildPhase;
			buildActionMask = 2147483647;
			files = (
			);
			runOnlyForDeploymentPostprocessing = 0;
		};
/* End PBXFrameworksBuildPhase section */

/* Begin PBXGroup section */
		878421C21CF6911C005AEE92 /* Main */ = {
			isa = PBXGroup;
			children = (
				878421C91CF6911C005AEE92 /* Login */,
				878421C51CF6911C005AEE92 /* Home */,
				878421E91CF693B8005AEE92 /* Maidan */,
				878421CD1CF6911C005AEE92 /* Message */,
				878421D81CF6911C005AEE92 /* Personal */,
				878421F91CF69567005AEE92 /* Create */,
				878421C31CF6911C005AEE92 /* Base */,
				878421C41CF6911C005AEE92 /* Common */,
				878421D51CF6911C005AEE92 /* Other */,
			);
			path = Main;
			sourceTree = "<group>";
		};
		878421C31CF6911C005AEE92 /* Base */ = {
			isa = PBXGroup;
			children = (
				878421E01CF691EE005AEE92 /* BaseViewController.h */,
				878421E11CF691EE005AEE92 /* BaseViewController.m */,
				878421E31CF6920B005AEE92 /* BaseNavigationController.h */,
				878421E41CF6920B005AEE92 /* BaseNavigationController.m */,
			);
			path = Base;
			sourceTree = "<group>";
		};
		878421C41CF6911C005AEE92 /* Common */ = {
			isa = PBXGroup;
			children = (
			);
			path = Common;
			sourceTree = "<group>";
		};
		878421C51CF6911C005AEE92 /* Home */ = {
			isa = PBXGroup;
			children = (
				878421C61CF6911C005AEE92 /* Contral */,
				878421C71CF6911C005AEE92 /* Model */,
				878421C81CF6911C005AEE92 /* View */,
			);
			path = Home;
			sourceTree = "<group>";
		};
		878421C61CF6911C005AEE92 /* Contral */ = {
			isa = PBXGroup;
			children = (
				878421E61CF69229005AEE92 /* HomeViewController.h */,
				878421E71CF69229005AEE92 /* HomeViewController.m */,
			);
			path = Contral;
			sourceTree = "<group>";
		};
		878421C71CF6911C005AEE92 /* Model */ = {
			isa = PBXGroup;
			children = (
			);
			path = Model;
			sourceTree = "<group>";
		};
		878421C81CF6911C005AEE92 /* View */ = {
			isa = PBXGroup;
			children = (
				878421FD1CF695AF005AEE92 /* Home.storyboard */,
			);
			path = View;
			sourceTree = "<group>";
		};
		878421C91CF6911C005AEE92 /* Login */ = {
			isa = PBXGroup;
			children = (
				878421CA1CF6911C005AEE92 /* Contral */,
				878421CB1CF6911C005AEE92 /* Model */,
				878421CC1CF6911C005AEE92 /* View */,
			);
			path = Login;
			sourceTree = "<group>";
		};
		878421CA1CF6911C005AEE92 /* Contral */ = {
			isa = PBXGroup;
			children = (
			);
			path = Contral;
			sourceTree = "<group>";
		};
		878421CB1CF6911C005AEE92 /* Model */ = {
			isa = PBXGroup;
			children = (
			);
			path = Model;
			sourceTree = "<group>";
		};
		878421CC1CF6911C005AEE92 /* View */ = {
			isa = PBXGroup;
			children = (
			);
			path = View;
			sourceTree = "<group>";
		};
		878421CD1CF6911C005AEE92 /* Message */ = {
			isa = PBXGroup;
			children = (
				878421CE1CF6911C005AEE92 /* Contral */,
				878421CF1CF6911C005AEE92 /* Model */,
				878421D01CF6911C005AEE92 /* View */,
			);
			path = Message;
			sourceTree = "<group>";
		};
		878421CE1CF6911C005AEE92 /* Contral */ = {
			isa = PBXGroup;
			children = (
				878421F01CF6944E005AEE92 /* MessageViewController.h */,
				878421F11CF6944E005AEE92 /* MessageViewController.m */,
			);
			path = Contral;
			sourceTree = "<group>";
		};
		878421CF1CF6911C005AEE92 /* Model */ = {
			isa = PBXGroup;
			children = (
			);
			path = Model;
			sourceTree = "<group>";
		};
		878421D01CF6911C005AEE92 /* View */ = {
			isa = PBXGroup;
			children = (
				878422011CF69641005AEE92 /* Message.storyboard */,
			);
			path = View;
			sourceTree = "<group>";
		};
		878421D51CF6911C005AEE92 /* Other */ = {
			isa = PBXGroup;
			children = (
				878421D61CF6911C005AEE92 /* AppDelegate.h */,
				878421D71CF6911C005AEE92 /* AppDelegate.m */,
				878421DD1CF6916C005AEE92 /* MainTabBarController.h */,
				878421DE1CF6916C005AEE92 /* MainTabBarController.m */,
			);
			path = Other;
			sourceTree = "<group>";
		};
		878421D81CF6911C005AEE92 /* Personal */ = {
			isa = PBXGroup;
			children = (
				878421D91CF6911C005AEE92 /* Contral */,
				878421DA1CF6911C005AEE92 /* Model */,
				878421DB1CF6911C005AEE92 /* View */,
			);
			path = Personal;
			sourceTree = "<group>";
		};
		878421D91CF6911C005AEE92 /* Contral */ = {
			isa = PBXGroup;
			children = (
				878421F31CF6946E005AEE92 /* PersonalViewController.h */,
				878421F41CF6946E005AEE92 /* PersonalViewController.m */,
			);
			path = Contral;
			sourceTree = "<group>";
		};
		878421DA1CF6911C005AEE92 /* Model */ = {
			isa = PBXGroup;
			children = (
			);
			path = Model;
			sourceTree = "<group>";
		};
		878421DB1CF6911C005AEE92 /* View */ = {
			isa = PBXGroup;
			children = (
				878422031CF69655005AEE92 /* Personal.storyboard */,
			);
			path = View;
			sourceTree = "<group>";
		};
		878421E91CF693B8005AEE92 /* Maidan */ = {
			isa = PBXGroup;
			children = (
				878421EA1CF693B8005AEE92 /* Contral */,
				878421EB1CF693B8005AEE92 /* Model */,
				878421EC1CF693B8005AEE92 /* View */,
			);
			path = Maidan;
			sourceTree = "<group>";
		};
		878421EA1CF693B8005AEE92 /* Contral */ = {
			isa = PBXGroup;
			children = (
				878421ED1CF69423005AEE92 /* MaidanViewController.h */,
				878421EE1CF69423005AEE92 /* MaidanViewController.m */,
			);
			path = Contral;
			sourceTree = "<group>";
		};
		878421EB1CF693B8005AEE92 /* Model */ = {
			isa = PBXGroup;
			children = (
			);
			path = Model;
			sourceTree = "<group>";
		};
		878421EC1CF693B8005AEE92 /* View */ = {
			isa = PBXGroup;
			children = (
				878421FF1CF695D3005AEE92 /* Maidan.storyboard */,
			);
			path = View;
			sourceTree = "<group>";
		};
		878421F91CF69567005AEE92 /* Create */ = {
			isa = PBXGroup;
			children = (
				878421FA1CF69567005AEE92 /* Contral */,
				878421FB1CF69567005AEE92 /* Model */,
				878421FC1CF69567005AEE92 /* View */,
			);
			path = Create;
			sourceTree = "<group>";
		};
		878421FA1CF69567005AEE92 /* Contral */ = {
			isa = PBXGroup;
			children = (
			);
			path = Contral;
			sourceTree = "<group>";
		};
		878421FB1CF69567005AEE92 /* Model */ = {
			isa = PBXGroup;
			children = (
			);
			path = Model;
			sourceTree = "<group>";
		};
		878421FC1CF69567005AEE92 /* View */ = {
			isa = PBXGroup;
			children = (
				878422051CF6966F005AEE92 /* Create.storyboard */,
			);
			path = View;
			sourceTree = "<group>";
		};
		878422071CF697D1005AEE92 /* 图片 */ = {
			isa = PBXGroup;
			children = (
				878422081CF697D1005AEE92 /* app-yy-400.png */,
				878422091CF697D1005AEE92 /* AppIcon29x29.png */,
				8784220A1CF697D1005AEE92 /* AppIcon29x29@2x.png */,
				8784220B1CF697D1005AEE92 /* AppIcon29x29@2x~ipad.png */,
				8784220C1CF697D1005AEE92 /* AppIcon29x29@3x.png */,
				8784220D1CF697D1005AEE92 /* AppIcon29x29~ipad.png */,
				8784220E1CF697D1005AEE92 /* AppIcon40x40@2x.png */,
				8784220F1CF697D1005AEE92 /* AppIcon40x40@2x~ipad.png */,
				878422101CF697D1005AEE92 /* AppIcon40x40@3x.png */,
				878422111CF697D1005AEE92 /* AppIcon40x40~ipad.png */,
				878422121CF697D1005AEE92 /* AppIcon50x50@2x~ipad.png */,
				878422131CF697D1005AEE92 /* AppIcon50x50~ipad.png */,
				878422141CF697D1005AEE92 /* AppIcon57x57.png */,
				878422151CF697D1005AEE92 /* AppIcon57x57@2x.png */,
				878422161CF697D1005AEE92 /* AppIcon60x60@2x.png */,
				878422171CF697D1005AEE92 /* AppIcon60x60@3x.png */,
				878422181CF697D1005AEE92 /* AppIcon72x72@2x~ipad.png */,
				878422191CF697D1005AEE92 /* AppIcon72x72~ipad.png */,
				8784221A1CF697D1005AEE92 /* AppIcon76x76@2x~ipad.png */,
				8784221B1CF697D1005AEE92 /* AppIcon76x76~ipad.png */,
				8784221C1CF697D1005AEE92 /* Home-50-littlegray.png */,
				8784221D1CF697D1005AEE92 /* Home-50-white.png */,
				8784221E1CF697D1005AEE92 /* Home-64-littlegray.png */,
				8784221F1CF697D1005AEE92 /* Home-64-white.png */,
				878422201CF697D1005AEE92 /* Home1-64-littlegray.png */,
				878422211CF697D1005AEE92 /* Home2-64-gray.png */,
				878422221CF697D1005AEE92 /* Home2-64-littlegray.png */,
				878422231CF697D1005AEE92 /* LaunchImage-2-700-568h@2x.png */,
				878422241CF697D1005AEE92 /* LaunchImage-2-700@2x.png */,
				878422251CF697D1005AEE92 /* Plus Math-64-gray.png */,
				878422261CF697D1005AEE92 /* Plus Math-64-littlegray.png */,
				878422271CF697D1005AEE92 /* Plus Math-64-white.png */,
				878422281CF697D1005AEE92 /* Price Tag Filled-64-gray.png */,
				878422291CF697D1005AEE92 /* Price Tag Filled-64-littlegray.png */,
				8784222A1CF697D1005AEE92 /* Price Tag Filled-64-white.png */,
				8784222B1CF697D1005AEE92 /* qq_c@1x.png */,
				8784222C1CF697D1005AEE92 /* qq_c@2x.png */,
				8784222D1CF697D1005AEE92 /* Search Filled-64-gray.png */,
				8784222E1CF697D1005AEE92 /* Search Filled-64-littlegray.png */,
				8784222F1CF697D1005AEE92 /* Search Filled-64-white.png */,
				878422301CF697D1005AEE92 /* sina_weibo_c@1x.png */,
				878422311CF697D1005AEE92 /* sina_weibo_c@2x.png */,
				878422321CF697D1005AEE92 /* ToolViewInputText@2x.png */,
				878422331CF697D1005AEE92 /* ToolViewInputTextHL@2x.png */,
				878422341CF697D1005AEE92 /* ToolViewInputVoice@2x.png */,
				878422351CF697D1005AEE92 /* ToolViewInputVoiceHL@2x.png */,
				878422361CF697D1005AEE92 /* umeng_add_photo@2x.png */,
				878422371CF697D1005AEE92 /* umeng_fb_audio_dialog_cancel@2x.png */,
				878422381CF697D1005AEE92 /* umeng_fb_audio_dialog_content@2x.png */,
				878422391CF697D1005AEE92 /* umeng_fb_audio_play_01@2x.png */,
				8784223A1CF697D1005AEE92 /* umeng_fb_audio_play_02@2x.png */,
				8784223B1CF697D1005AEE92 /* umeng_fb_audio_play_03@2x.png */,
				8784223C1CF697D1005AEE92 /* umeng_fb_audio_play_default@2x.png */,
				8784223D1CF697D1005AEE92 /* User-64-gray.png */,
				8784223E1CF697D1005AEE92 /* User-64-littlegray.png */,
				8784223F1CF697D1005AEE92 /* User-64-white.png */,
				878422401CF697D1005AEE92 /* wechat_c@1x.png */,
				878422411CF697D1005AEE92 /* wechat_c@2x.png */,
				878422421CF697D1005AEE92 /* WeiboSDK.bundle */,
				878422431CF697D1005AEE92 /* 方正宋一简体.ttf */,
				878422441CF697D1005AEE92 /* 汉仪字典宋简.ttf */,
			);
			path = "图片";
			sourceTree = "<group>";
		};
		BD5E1BFE1CF68F09001AAF44 = {
			isa = PBXGroup;
			children = (
				BD5E1C091CF68F09001AAF44 /* Yiyan_cjzgz */,
				BD5E1C081CF68F09001AAF44 /* Products */,
			);
			sourceTree = "<group>";
		};
		BD5E1C081CF68F09001AAF44 /* Products */ = {
			isa = PBXGroup;
			children = (
				BD5E1C071CF68F09001AAF44 /* Yiyan_cjzgz.app */,
			);
			name = Products;
			sourceTree = "<group>";
		};
		BD5E1C091CF68F09001AAF44 /* Yiyan_cjzgz */ = {
			isa = PBXGroup;
			children = (
				878422071CF697D1005AEE92 /* 图片 */,
				878421C21CF6911C005AEE92 /* Main */,
				BD5E1C161CF68F09001AAF44 /* Assets.xcassets */,
				BD5E1C181CF68F09001AAF44 /* LaunchScreen.storyboard */,
				BD5E1C1B1CF68F09001AAF44 /* Info.plist */,
				BD5E1C0A1CF68F09001AAF44 /* Supporting Files */,
			);
			path = Yiyan_cjzgz;
			sourceTree = "<group>";
		};
		BD5E1C0A1CF68F09001AAF44 /* Supporting Files */ = {
			isa = PBXGroup;
			children = (
				BD5E1C0B1CF68F09001AAF44 /* main.m */,
			);
			name = "Supporting Files";
			sourceTree = "<group>";
		};
/* End PBXGroup section */

/* Begin PBXNativeTarget section */
		BD5E1C061CF68F09001AAF44 /* Yiyan_cjzgz */ = {
			isa = PBXNativeTarget;
			buildConfigurationList = BD5E1C1E1CF68F09001AAF44 /* Build configuration list for PBXNativeTarget "Yiyan_cjzgz" */;
			buildPhases = (
				BD5E1C031CF68F09001AAF44 /* Sources */,
				BD5E1C041CF68F09001AAF44 /* Frameworks */,
				BD5E1C051CF68F09001AAF44 /* Resources */,
			);
			buildRules = (
			);
			dependencies = (
			);
			name = Yiyan_cjzgz;
			productName = Yiyan_cjzgz;
			productReference = BD5E1C071CF68F09001AAF44 /* Yiyan_cjzgz.app */;
			productType = "com.apple.product-type.application";
		};
/* End PBXNativeTarget section */

/* Begin PBXProject section */
		BD5E1BFF1CF68F09001AAF44 /* Project object */ = {
			isa = PBXProject;
			attributes = {
				LastUpgradeCheck = 0730;
				ORGANIZATIONNAME = CJZGZ;
				TargetAttributes = {
					BD5E1C061CF68F09001AAF44 = {
						CreatedOnToolsVersion = 7.3.1;
						DevelopmentTeam = 8W3E8EN46D;
					};
				};
			};
			buildConfigurationList = BD5E1C021CF68F09001AAF44 /* Build configuration list for PBXProject "Yiyan_cjzgz" */;
			compatibilityVersion = "Xcode 3.2";
			developmentRegion = English;
			hasScannedForEncodings = 0;
			knownRegions = (
				en,
				Base,
			);
			mainGroup = BD5E1BFE1CF68F09001AAF44;
			productRefGroup = BD5E1C081CF68F09001AAF44 /* Products */;
			projectDirPath = "";
			projectRoot = "";
			targets = (
				BD5E1C061CF68F09001AAF44 /* Yiyan_cjzgz */,
			);
		};
/* End PBXProject section */

/* Begin PBXResourcesBuildPhase section */
		BD5E1C051CF68F09001AAF44 /* Resources */ = {
			isa = PBXResourcesBuildPhase;
			buildActionMask = 2147483647;
			files = (
				BD5E1C1A1CF68F09001AAF44 /* LaunchScreen.storyboard in Resources */,
				8784225B1CF697D1005AEE92 /* Home-64-littlegray.png in Resources */,
				8784226E1CF697D1005AEE92 /* sina_weibo_c@2x.png in Resources */,
				878422761CF697D1005AEE92 /* umeng_fb_audio_play_01@2x.png in Resources */,
				8784224D1CF697D1005AEE92 /* AppIcon40x40@3x.png in Resources */,
				8784226B1CF697D1005AEE92 /* Search Filled-64-littlegray.png in Resources */,
				878422551CF697D1005AEE92 /* AppIcon72x72@2x~ipad.png in Resources */,
				8784227D1CF697D1005AEE92 /* wechat_c@1x.png in Resources */,
				878422731CF697D1005AEE92 /* umeng_add_photo@2x.png in Resources */,
				8784227C1CF697D1005AEE92 /* User-64-white.png in Resources */,
				878422481CF697D1005AEE92 /* AppIcon29x29@2x~ipad.png in Resources */,
				BD5E1C171CF68F09001AAF44 /* Assets.xcassets in Resources */,
				878422791CF697D1005AEE92 /* umeng_fb_audio_play_default@2x.png in Resources */,
				8784224E1CF697D1005AEE92 /* AppIcon40x40~ipad.png in Resources */,
				878422771CF697D1005AEE92 /* umeng_fb_audio_play_02@2x.png in Resources */,
				8784226A1CF697D1005AEE92 /* Search Filled-64-gray.png in Resources */,
				8784226D1CF697D1005AEE92 /* sina_weibo_c@1x.png in Resources */,
				8784226F1CF697D1005AEE92 /* ToolViewInputText@2x.png in Resources */,
				8784224A1CF697D1005AEE92 /* AppIcon29x29~ipad.png in Resources */,
				878422811CF697D1005AEE92 /* 汉仪字典宋简.ttf in Resources */,
				878422781CF697D1005AEE92 /* umeng_fb_audio_play_03@2x.png in Resources */,
				878422541CF697D1005AEE92 /* AppIcon60x60@3x.png in Resources */,
				878421FE1CF695AF005AEE92 /* Home.storyboard in Resources */,
				878422681CF697D1005AEE92 /* qq_c@1x.png in Resources */,
				878422721CF697D1005AEE92 /* ToolViewInputVoiceHL@2x.png in Resources */,
				878422711CF697D1005AEE92 /* ToolViewInputVoice@2x.png in Resources */,
				878422601CF697D1005AEE92 /* LaunchImage-2-700-568h@2x.png in Resources */,
				878422641CF697D1005AEE92 /* Plus Math-64-white.png in Resources */,
				8784224B1CF697D1005AEE92 /* AppIcon40x40@2x.png in Resources */,
				878422631CF697D1005AEE92 /* Plus Math-64-littlegray.png in Resources */,
				878422491CF697D1005AEE92 /* AppIcon29x29@3x.png in Resources */,
				878422511CF697D1005AEE92 /* AppIcon57x57.png in Resources */,
				878422621CF697D1005AEE92 /* Plus Math-64-gray.png in Resources */,
				878422451CF697D1005AEE92 /* app-yy-400.png in Resources */,
				878422531CF697D1005AEE92 /* AppIcon60x60@2x.png in Resources */,
				878422061CF6966F005AEE92 /* Create.storyboard in Resources */,
				8784226C1CF697D1005AEE92 /* Search Filled-64-white.png in Resources */,
				878422581CF697D1005AEE92 /* AppIcon76x76~ipad.png in Resources */,
				878422741CF697D1005AEE92 /* umeng_fb_audio_dialog_cancel@2x.png in Resources */,
				8784225C1CF697D1005AEE92 /* Home-64-white.png in Resources */,
				878422591CF697D1005AEE92 /* Home-50-littlegray.png in Resources */,
				878422561CF697D1005AEE92 /* AppIcon72x72~ipad.png in Resources */,
				8784225A1CF697D1005AEE92 /* Home-50-white.png in Resources */,
				8784225E1CF697D1005AEE92 /* Home2-64-gray.png in Resources */,
				878422801CF697D1005AEE92 /* 方正宋一简体.ttf in Resources */,
				878422671CF697D1005AEE92 /* Price Tag Filled-64-white.png in Resources */,
				878422661CF697D1005AEE92 /* Price Tag Filled-64-littlegray.png in Resources */,
				8784225D1CF697D1005AEE92 /* Home1-64-littlegray.png in Resources */,
				878422021CF69641005AEE92 /* Message.storyboard in Resources */,
				8784225F1CF697D1005AEE92 /* Home2-64-littlegray.png in Resources */,
				8784224F1CF697D1005AEE92 /* AppIcon50x50@2x~ipad.png in Resources */,
				8784227E1CF697D1005AEE92 /* wechat_c@2x.png in Resources */,
				8784224C1CF697D1005AEE92 /* AppIcon40x40@2x~ipad.png in Resources */,
				878422461CF697D1005AEE92 /* AppIcon29x29.png in Resources */,
				878422651CF697D1005AEE92 /* Price Tag Filled-64-gray.png in Resources */,
				878422611CF697D1005AEE92 /* LaunchImage-2-700@2x.png in Resources */,
				878422691CF697D1005AEE92 /* qq_c@2x.png in Resources */,
				878422751CF697D1005AEE92 /* umeng_fb_audio_dialog_content@2x.png in Resources */,
				878422571CF697D1005AEE92 /* AppIcon76x76@2x~ipad.png in Resources */,
				878422501CF697D1005AEE92 /* AppIcon50x50~ipad.png in Resources */,
				878422001CF695D3005AEE92 /* Maidan.storyboard in Resources */,
				8784227B1CF697D1005AEE92 /* User-64-littlegray.png in Resources */,
				878422471CF697D1005AEE92 /* AppIcon29x29@2x.png in Resources */,
				878422701CF697D1005AEE92 /* ToolViewInputTextHL@2x.png in Resources */,
				8784227F1CF697D1005AEE92 /* WeiboSDK.bundle in Resources */,
				8784227A1CF697D1005AEE92 /* User-64-gray.png in Resources */,
				878422521CF697D1005AEE92 /* AppIcon57x57@2x.png in Resources */,
				878422041CF69655005AEE92 /* Personal.storyboard in Resources */,
			);
			runOnlyForDeploymentPostprocessing = 0;
		};
/* End PBXResourcesBuildPhase section */

/* Begin PBXSourcesBuildPhase section */
		BD5E1C031CF68F09001AAF44 /* Sources */ = {
			isa = PBXSourcesBuildPhase;
			buildActionMask = 2147483647;
			files = (
				878421E21CF691EE005AEE92 /* BaseViewController.m in Sources */,
				878421EF1CF69423005AEE92 /* MaidanViewController.m in Sources */,
				878421E51CF6920B005AEE92 /* BaseNavigationController.m in Sources */,
				BD5E1C0C1CF68F09001AAF44 /* main.m in Sources */,
				878421DF1CF6916C005AEE92 /* MainTabBarController.m in Sources */,
				878421F21CF6944E005AEE92 /* MessageViewController.m in Sources */,
				878421E81CF69229005AEE92 /* HomeViewController.m in Sources */,
				878421F51CF6946E005AEE92 /* PersonalViewController.m in Sources */,
				878421DC1CF6911C005AEE92 /* AppDelegate.m in Sources */,
			);
			runOnlyForDeploymentPostprocessing = 0;
		};
/* End PBXSourcesBuildPhase section */

/* Begin PBXVariantGroup section */
		BD5E1C181CF68F09001AAF44 /* LaunchScreen.storyboard */ = {
			isa = PBXVariantGroup;
			children = (
				BD5E1C191CF68F09001AAF44 /* Base */,
			);
			name = LaunchScreen.storyboard;
			sourceTree = "<group>";
		};
/* End PBXVariantGroup section */

/* Begin XCBuildConfiguration section */
		BD5E1C1C1CF68F09001AAF44 /* Debug */ = {
			isa = XCBuildConfiguration;
			buildSettings = {
				ALWAYS_SEARCH_USER_PATHS = NO;
				CLANG_ANALYZER_NONNULL = YES;
				CLANG_CXX_LANGUAGE_STANDARD = "gnu++0x";
				CLANG_CXX_LIBRARY = "libc++";
				CLANG_ENABLE_MODULES = YES;
				CLANG_ENABLE_OBJC_ARC = YES;
				CLANG_WARN_BOOL_CONVERSION = YES;
				CLANG_WARN_CONSTANT_CONVERSION = YES;
				CLANG_WARN_DIRECT_OBJC_ISA_USAGE = YES_ERROR;
				CLANG_WARN_EMPTY_BODY = YES;
				CLANG_WARN_ENUM_CONVERSION = YES;
				CLANG_WARN_INT_CONVERSION = YES;
				CLANG_WARN_OBJC_ROOT_CLASS = YES_ERROR;
				CLANG_WARN_UNREACHABLE_CODE = YES;
				CLANG_WARN__DUPLICATE_METHOD_MATCH = YES;
				"CODE_SIGN_IDENTITY[sdk=iphoneos*]" = "iPhone Developer";
				COPY_PHASE_STRIP = NO;
				DEBUG_INFORMATION_FORMAT = dwarf;
				ENABLE_STRICT_OBJC_MSGSEND = YES;
				ENABLE_TESTABILITY = YES;
				GCC_C_LANGUAGE_STANDARD = gnu99;
				GCC_DYNAMIC_NO_PIC = NO;
				GCC_NO_COMMON_BLOCKS = YES;
				GCC_OPTIMIZATION_LEVEL = 0;
				GCC_PREPROCESSOR_DEFINITIONS = (
					"DEBUG=1",
					"$(inherited)",
				);
				GCC_WARN_64_TO_32_BIT_CONVERSION = YES;
				GCC_WARN_ABOUT_RETURN_TYPE = YES_ERROR;
				GCC_WARN_UNDECLARED_SELECTOR = YES;
				GCC_WARN_UNINITIALIZED_AUTOS = YES_AGGRESSIVE;
				GCC_WARN_UNUSED_FUNCTION = YES;
				GCC_WARN_UNUSED_VARIABLE = YES;
				IPHONEOS_DEPLOYMENT_TARGET = 9.3;
				MTL_ENABLE_DEBUG_INFO = YES;
				ONLY_ACTIVE_ARCH = YES;
				SDKROOT = iphoneos;
				TARGETED_DEVICE_FAMILY = "1,2";
			};
			name = Debug;
		};
		BD5E1C1D1CF68F09001AAF44 /* Release */ = {
			isa = XCBuildConfiguration;
			buildSettings = {
				ALWAYS_SEARCH_USER_PATHS = NO;
				CLANG_ANALYZER_NONNULL = YES;
				CLANG_CXX_LANGUAGE_STANDARD = "gnu++0x";
				CLANG_CXX_LIBRARY = "libc++";
				CLANG_ENABLE_MODULES = YES;
				CLANG_ENABLE_OBJC_ARC = YES;
				CLANG_WARN_BOOL_CONVERSION = YES;
				CLANG_WARN_CONSTANT_CONVERSION = YES;
				CLANG_WARN_DIRECT_OBJC_ISA_USAGE = YES_ERROR;
				CLANG_WARN_EMPTY_BODY = YES;
				CLANG_WARN_ENUM_CONVERSION = YES;
				CLANG_WARN_INT_CONVERSION = YES;
				CLANG_WARN_OBJC_ROOT_CLASS = YES_ERROR;
				CLANG_WARN_UNREACHABLE_CODE = YES;
				CLANG_WARN__DUPLICATE_METHOD_MATCH = YES;
				"CODE_SIGN_IDENTITY[sdk=iphoneos*]" = "iPhone Developer";
				COPY_PHASE_STRIP = NO;
				DEBUG_INFORMATION_FORMAT = "dwarf-with-dsym";
				ENABLE_NS_ASSERTIONS = NO;
				ENABLE_STRICT_OBJC_MSGSEND = YES;
				GCC_C_LANGUAGE_STANDARD = gnu99;
				GCC_NO_COMMON_BLOCKS = YES;
				GCC_WARN_64_TO_32_BIT_CONVERSION = YES;
				GCC_WARN_ABOUT_RETURN_TYPE = YES_ERROR;
				GCC_WARN_UNDECLARED_SELECTOR = YES;
				GCC_WARN_UNINITIALIZED_AUTOS = YES_AGGRESSIVE;
				GCC_WARN_UNUSED_FUNCTION = YES;
				GCC_WARN_UNUSED_VARIABLE = YES;
				IPHONEOS_DEPLOYMENT_TARGET = 9.3;
				MTL_ENABLE_DEBUG_INFO = NO;
				SDKROOT = iphoneos;
				TARGETED_DEVICE_FAMILY = "1,2";
				VALIDATE_PRODUCT = YES;
			};
			name = Release;
		};
		BD5E1C1F1CF68F09001AAF44 /* Debug */ = {
			isa = XCBuildConfiguration;
			buildSettings = {
				ASSETCATALOG_COMPILER_APPICON_NAME = AppIcon;
				CODE_SIGN_IDENTITY = "iPhone Developer";
				INFOPLIST_FILE = Yiyan_cjzgz/Info.plist;
				IPHONEOS_DEPLOYMENT_TARGET = 9.2;
				LD_RUNPATH_SEARCH_PATHS = "$(inherited) @executable_path/Frameworks";
				PRODUCT_BUNDLE_IDENTIFIER = "com.cjzgz.Yiyan-cjzgz";
				PRODUCT_NAME = "$(TARGET_NAME)";
			};
			name = Debug;
		};
		BD5E1C201CF68F09001AAF44 /* Release */ = {
			isa = XCBuildConfiguration;
			buildSettings = {
				ASSETCATALOG_COMPILER_APPICON_NAME = AppIcon;
				CODE_SIGN_IDENTITY = "iPhone Developer";
				INFOPLIST_FILE = Yiyan_cjzgz/Info.plist;
				IPHONEOS_DEPLOYMENT_TARGET = 9.2;
				LD_RUNPATH_SEARCH_PATHS = "$(inherited) @executable_path/Frameworks";
				PRODUCT_BUNDLE_IDENTIFIER = "com.cjzgz.Yiyan-cjzgz";
				PRODUCT_NAME = "$(TARGET_NAME)";
			};
			name = Release;
		};
/* End XCBuildConfiguration section */

/* Begin XCConfigurationList section */
		BD5E1C021CF68F09001AAF44 /* Build configuration list for PBXProject "Yiyan_cjzgz" */ = {
			isa = XCConfigurationList;
			buildConfigurations = (
				BD5E1C1C1CF68F09001AAF44 /* Debug */,
				BD5E1C1D1CF68F09001AAF44 /* Release */,
			);
			defaultConfigurationIsVisible = 0;
			defaultConfigurationName = Release;
		};
		BD5E1C1E1CF68F09001AAF44 /* Build configuration list for PBXNativeTarget "Yiyan_cjzgz" */ = {
			isa = XCConfigurationList;
			buildConfigurations = (
				BD5E1C1F1CF68F09001AAF44 /* Debug */,
				BD5E1C201CF68F09001AAF44 /* Release */,
			);
			defaultConfigurationIsVisible = 0;
			defaultConfigurationName = Release;
		};
/* End XCConfigurationList section */
	};
	rootObject = BD5E1BFF1CF68F09001AAF44 /* Project object */;
}
